// !$*UTF8*$!
{
	archiveVersion = 1;
	classes = {
	};
	objectVersion = 50;
	objects = {

/* Begin PBXBuildFile section */
		E811898522210FC80080EF71 /* AppDelegate.swift in Sources */ = {isa = PBXBuildFile; fileRef = E811898422210FC80080EF71 /* AppDelegate.swift */; };
		E811898A22210FC80080EF71 /* Main.storyboard in Resources */ = {isa = PBXBuildFile; fileRef = E811898822210FC80080EF71 /* Main.storyboard */; };
		E811898C22210FCB0080EF71 /* Assets.xcassets in Resources */ = {isa = PBXBuildFile; fileRef = E811898B22210FCB0080EF71 /* Assets.xcassets */; };
		E811898F22210FCB0080EF71 /* LaunchScreen.storyboard in Resources */ = {isa = PBXBuildFile; fileRef = E811898D22210FCB0080EF71 /* LaunchScreen.storyboard */; };
		E811899A22210FCB0080EF71 /* HomepwnerTests.swift in Sources */ = {isa = PBXBuildFile; fileRef = E811899922210FCB0080EF71 /* HomepwnerTests.swift */; };
		E81189A522210FCB0080EF71 /* HomepwnerUITests.swift in Sources */ = {isa = PBXBuildFile; fileRef = E81189A422210FCB0080EF71 /* HomepwnerUITests.swift */; };
		E81189B32221105B0080EF71 /* ItemsViewController.swift in Sources */ = {isa = PBXBuildFile; fileRef = E81189B22221105B0080EF71 /* ItemsViewController.swift */; };
		E81189B5222111840080EF71 /* Item.swift in Sources */ = {isa = PBXBuildFile; fileRef = E81189B4222111840080EF71 /* Item.swift */; };
		E81189B7222115950080EF71 /* ItemStore.swift in Sources */ = {isa = PBXBuildFile; fileRef = E81189B6222115950080EF71 /* ItemStore.swift */; };
/* End PBXBuildFile section */

/* Begin PBXContainerItemProxy section */
		E811899622210FCB0080EF71 /* PBXContainerItemProxy */ = {
			isa = PBXContainerItemProxy;
			containerPortal = E811897922210FC80080EF71 /* Project object */;
			proxyType = 1;
			remoteGlobalIDString = E811898022210FC80080EF71;
			remoteInfo = Homepwner;
		};
		E81189A122210FCB0080EF71 /* PBXContainerItemProxy */ = {
			isa = PBXContainerItemProxy;
			containerPortal = E811897922210FC80080EF71 /* Project object */;
			proxyType = 1;
			remoteGlobalIDString = E811898022210FC80080EF71;
			remoteInfo = Homepwner;
		};
/* End PBXContainerItemProxy section */

/* Begin PBXFileReference section */
		E811898122210FC80080EF71 /* Homepwner.app */ = {isa = PBXFileReference; explicitFileType = wrapper.application; includeInIndex = 0; path = Homepwner.app; sourceTree = BUILT_PRODUCTS_DIR; };
		E811898422210FC80080EF71 /* AppDelegate.swift */ = {isa = PBXFileReference; lastKnownFileType = sourcecode.swift; path = AppDelegate.swift; sourceTree = "<group>"; };
		E811898922210FC80080EF71 /* Base */ = {isa = PBXFileReference; lastKnownFileType = file.storyboard; name = Base; path = Base.lproj/Main.storyboard; sourceTree = "<group>"; };
		E811898B22210FCB0080EF71 /* Assets.xcassets */ = {isa = PBXFileReference; lastKnownFileType = folder.assetcatalog; path = Assets.xcassets; sourceTree = "<group>"; };
		E811898E22210FCB0080EF71 /* Base */ = {isa = PBXFileReference; lastKnownFileType = file.storyboard; name = Base; path = Base.lproj/LaunchScreen.storyboard; sourceTree = "<group>"; };
		E811899022210FCB0080EF71 /* Info.plist */ = {isa = PBXFileReference; lastKnownFileType = text.plist.xml; path = Info.plist; sourceTree = "<group>"; };
		E811899522210FCB0080EF71 /* HomepwnerTests.xctest */ = {isa = PBXFileReference; explicitFileType = wrapper.cfbundle; includeInIndex = 0; path = HomepwnerTests.xctest; sourceTree = BUILT_PRODUCTS_DIR; };
		E811899922210FCB0080EF71 /* HomepwnerTests.swift */ = {isa = PBXFileReference; lastKnownFileType = sourcecode.swift; path = HomepwnerTests.swift; sourceTree = "<group>"; };
		E811899B22210FCB0080EF71 /* Info.plist */ = {isa = PBXFileReference; lastKnownFileType = text.plist.xml; path = Info.plist; sourceTree = "<group>"; };
		E81189A022210FCB0080EF71 /* HomepwnerUITests.xctest */ = {isa = PBXFileReference; explicitFileType = wrapper.cfbundle; includeInIndex = 0; path = HomepwnerUITests.xctest; sourceTree = BUILT_PRODUCTS_DIR; };
		E81189A422210FCB0080EF71 /* HomepwnerUITests.swift */ = {isa = PBXFileReference; lastKnownFileType = sourcecode.swift; path = HomepwnerUITests.swift; sourceTree = "<group>"; };
		E81189A622210FCB0080EF71 /* Info.plist */ = {isa = PBXFileReference; lastKnownFileType = text.plist.xml; path = Info.plist; sourceTree = "<group>"; };
		E81189B22221105B0080EF71 /* ItemsViewController.swift */ = {isa = PBXFileReference; lastKnownFileType = sourcecode.swift; path = ItemsViewController.swift; sourceTree = "<group>"; };
		E81189B4222111840080EF71 /* Item.swift */ = {isa = PBXFileReference; lastKnownFileType = sourcecode.swift; path = Item.swift; sourceTree = "<group>"; };
		E81189B6222115950080EF71 /* ItemStore.swift */ = {isa = PBXFileReference; lastKnownFileType = sourcecode.swift; path = ItemStore.swift; sourceTree = "<group>"; };
/* End PBXFileReference section */

/* Begin PBXFrameworksBuildPhase section */
		E811897E22210FC80080EF71 /* Frameworks */ = {
			isa = PBXFrameworksBuildPhase;
			buildActionMask = 2147483647;
			files = (
			);
			runOnlyForDeploymentPostprocessing = 0;
		};
		E811899222210FCB0080EF71 /* Frameworks */ = {
			isa = PBXFrameworksBuildPhase;
			buildActionMask = 2147483647;
			files = (
			);
			runOnlyForDeploymentPostprocessing = 0;
		};
		E811899D22210FCB0080EF71 /* Frameworks */ = {
			isa = PBXFrameworksBuildPhase;
			buildActionMask = 2147483647;
			files = (
			);
			runOnlyForDeploymentPostprocessing = 0;
		};
/* End PBXFrameworksBuildPhase section */

/* Begin PBXGroup section */
		E811897822210FC80080EF71 = {
			isa = PBXGroup;
			children = (
				E81189B4222111840080EF71 /* Item.swift */,
				E81189B6222115950080EF71 /* ItemStore.swift */,
				E81189B22221105B0080EF71 /* ItemsViewController.swift */,
				E811898322210FC80080EF71 /* Homepwner */,
				E811899822210FCB0080EF71 /* HomepwnerTests */,
				E81189A322210FCB0080EF71 /* HomepwnerUITests */,
				E811898222210FC80080EF71 /* Products */,
			);
			sourceTree = "<group>";
		};
		E811898222210FC80080EF71 /* Products */ = {
			isa = PBXGroup;
			children = (
				E811898122210FC80080EF71 /* Homepwner.app */,
				E811899522210FCB0080EF71 /* HomepwnerTests.xctest */,
				E81189A022210FCB0080EF71 /* HomepwnerUITests.xctest */,
			);
			name = Products;
			sourceTree = "<group>";
		};
		E811898322210FC80080EF71 /* Homepwner */ = {
			isa = PBXGroup;
			children = (
				E811898422210FC80080EF71 /* AppDelegate.swift */,
				E811898822210FC80080EF71 /* Main.storyboard */,
				E811898B22210FCB0080EF71 /* Assets.xcassets */,
				E811898D22210FCB0080EF71 /* LaunchScreen.storyboard */,
				E811899022210FCB0080EF71 /* Info.plist */,
			);
			path = Homepwner;
			sourceTree = "<group>";
		};
		E811899822210FCB0080EF71 /* HomepwnerTests */ = {
			isa = PBXGroup;
			children = (
				E811899922210FCB0080EF71 /* HomepwnerTests.swift */,
				E811899B22210FCB0080EF71 /* Info.plist */,
			);
			path = HomepwnerTests;
			sourceTree = "<group>";
		};
		E81189A322210FCB0080EF71 /* HomepwnerUITests */ = {
			isa = PBXGroup;
			children = (
				E81189A422210FCB0080EF71 /* HomepwnerUITests.swift */,
				E81189A622210FCB0080EF71 /* Info.plist */,
			);
			path = HomepwnerUITests;
			sourceTree = "<group>";
		};
/* End PBXGroup section */

/* Begin PBXNativeTarget section */
		E811898022210FC80080EF71 /* Homepwner */ = {
			isa = PBXNativeTarget;
			buildConfigurationList = E81189A922210FCB0080EF71 /* Build configuration list for PBXNativeTarget "Homepwner" */;
			buildPhases = (
				E811897D22210FC80080EF71 /* Sources */,
				E811897E22210FC80080EF71 /* Frameworks */,
				E811897F22210FC80080EF71 /* Resources */,
			);
			buildRules = (
			);
			dependencies = (
			);
			name = Homepwner;
			productName = Homepwner;
			productReference = E811898122210FC80080EF71 /* Homepwner.app */;
			productType = "com.apple.product-type.application";
		};
		E811899422210FCB0080EF71 /* HomepwnerTests */ = {
			isa = PBXNativeTarget;
			buildConfigurationList = E81189AC22210FCB0080EF71 /* Build configuration list for PBXNativeTarget "HomepwnerTests" */;
			buildPhases = (
				E811899122210FCB0080EF71 /* Sources */,
				E811899222210FCB0080EF71 /* Frameworks */,
				E811899322210FCB0080EF71 /* Resources */,
			);
			buildRules = (
			);
			dependencies = (
				E811899722210FCB0080EF71 /* PBXTargetDependency */,
			);
			name = HomepwnerTests;
			productName = HomepwnerTests;
			productReference = E811899522210FCB0080EF71 /* HomepwnerTests.xctest */;
			productType = "com.apple.product-type.bundle.unit-test";
		};
		E811899F22210FCB0080EF71 /* HomepwnerUITests */ = {
			isa = PBXNativeTarget;
			buildConfigurationList = E81189AF22210FCB0080EF71 /* Build configuration list for PBXNativeTarget "HomepwnerUITests" */;
			buildPhases = (
				E811899C22210FCB0080EF71 /* Sources */,
				E811899D22210FCB0080EF71 /* Frameworks */,
				E811899E22210FCB0080EF71 /* Resources */,
			);
			buildRules = (
			);
			dependencies = (
				E81189A222210FCB0080EF71 /* PBXTargetDependency */,
			);
			name = HomepwnerUITests;
			productName = HomepwnerUITests;
			productReference = E81189A022210FCB0080EF71 /* HomepwnerUITests.xctest */;
			productType = "com.apple.product-type.bundle.ui-testing";
		};
/* End PBXNativeTarget section */

/* Begin PBXProject section */
		E811897922210FC80080EF71 /* Project object */ = {
			isa = PBXProject;
			attributes = {
				LastSwiftUpdateCheck = 1010;
				LastUpgradeCheck = 1010;
				ORGANIZATIONNAME = Matthew;
				TargetAttributes = {
					E811898022210FC80080EF71 = {
						CreatedOnToolsVersion = 10.1;
					};
					E811899422210FCB0080EF71 = {
						CreatedOnToolsVersion = 10.1;
						TestTargetID = E811898022210FC80080EF71;
					};
					E811899F22210FCB0080EF71 = {
						CreatedOnToolsVersion = 10.1;
						TestTargetID = E811898022210FC80080EF71;
					};
				};
			};
			buildConfigurationList = E811897C22210FC80080EF71 /* Build configuration list for PBXProject "Homepwner" */;
			compatibilityVersion = "Xcode 9.3";
			developmentRegion = en;
			hasScannedForEncodings = 0;
			knownRegions = (
				en,
				Base,
			);
			mainGroup = E811897822210FC80080EF71;
			productRefGroup = E811898222210FC80080EF71 /* Products */;
			projectDirPath = "";
			projectRoot = "";
			targets = (
				E811898022210FC80080EF71 /* Homepwner */,
				E811899422210FCB0080EF71 /* HomepwnerTests */,
				E811899F22210FCB0080EF71 /* HomepwnerUITests */,
			);
		};
/* End PBXProject section */

/* Begin PBXResourcesBuildPhase section */
		E811897F22210FC80080EF71 /* Resources */ = {
			isa = PBXResourcesBuildPhase;
			buildActionMask = 2147483647;
			files = (
				E811898F22210FCB0080EF71 /* LaunchScreen.storyboard in Resources */,
				E811898C22210FCB0080EF71 /* Assets.xcassets in Resources */,
				E811898A22210FC80080EF71 /* Main.storyboard in Resources */,
			);
			runOnlyForDeploymentPostprocessing = 0;
		};
		E811899322210FCB0080EF71 /* Resources */ = {
			isa = PBXResourcesBuildPhase;
			buildActionMask = 2147483647;
			files = (
			);
			runOnlyForDeploymentPostprocessing = 0;
		};
		E811899E22210FCB0080EF71 /* Resources */ = {
			isa = PBXResourcesBuildPhase;
			buildActionMask = 2147483647;
			files = (
			);
			runOnlyForDeploymentPostprocessing = 0;
		};
/* End PBXResourcesBuildPhase section */

/* Begin PBXSourcesBuildPhase section */
		E811897D22210FC80080EF71 /* Sources */ = {
			isa = PBXSourcesBuildPhase;
			buildActionMask = 2147483647;
			files = (
				E81189B32221105B0080EF71 /* ItemsViewController.swift in Sources */,
				E81189B5222111840080EF71 /* Item.swift in Sources */,
				E81189B7222115950080EF71 /* ItemStore.swift in Sources */,
				E811898522210FC80080EF71 /* AppDelegate.swift in Sources */,
			);
			runOnlyForDeploymentPostprocessing = 0;
		};
		E811899122210FCB0080EF71 /* Sources */ = {
			isa = PBXSourcesBuildPhase;
			buildActionMask = 2147483647;
			files = (
				E811899A22210FCB0080EF71 /* HomepwnerTests.swift in Sources */,
			);
			runOnlyForDeploymentPostprocessing = 0;
		};
		E811899C22210FCB0080EF71 /* Sources */ = {
			isa = PBXSourcesBuildPhase;
			buildActionMask = 2147483647;
			files = (
				E81189A522210FCB0080EF71 /* HomepwnerUITests.swift in Sources */,
			);
			runOnlyForDeploymentPostprocessing = 0;
		};
/* End PBXSourcesBuildPhase section */

/* Begin PBXTargetDependency section */
		E811899722210FCB0080EF71 /* PBXTargetDependency */ = {
			isa = PBXTargetDependency;
			target = E811898022210FC80080EF71 /* Homepwner */;
			targetProxy = E811899622210FCB0080EF71 /* PBXContainerItemProxy */;
		};
		E81189A222210FCB0080EF71 /* PBXTargetDependency */ = {
			isa = PBXTargetDependency;
			target = E811898022210FC80080EF71 /* Homepwner */;
			targetProxy = E81189A122210FCB0080EF71 /* PBXContainerItemProxy */;
		};
/* End PBXTargetDependency section */

/* Begin PBXVariantGroup section */
		E811898822210FC80080EF71 /* Main.storyboard */ = {
			isa = PBXVariantGroup;
			children = (
				E811898922210FC80080EF71 /* Base */,
			);
			name = Main.storyboard;
			sourceTree = "<group>";
		};
		E811898D22210FCB0080EF71 /* LaunchScreen.storyboard */ = {
			isa = PBXVariantGroup;
			children = (
				E811898E22210FCB0080EF71 /* Base */,
			);
			name = LaunchScreen.storyboard;
			sourceTree = "<group>";
		};
/* End PBXVariantGroup section */

/* Begin XCBuildConfiguration section */
		E81189A722210FCB0080EF71 /* Debug */ = {
			isa = XCBuildConfiguration;
			buildSettings = {
				ALWAYS_SEARCH_USER_PATHS = NO;
				CLANG_ANALYZER_NONNULL = YES;
				CLANG_ANALYZER_NUMBER_OBJECT_CONVERSION = YES_AGGRESSIVE;
				CLANG_CXX_LANGUAGE_STANDARD = "gnu++14";
				CLANG_CXX_LIBRARY = "libc++";
				CLANG_ENABLE_MODULES = YES;
				CLANG_ENABLE_OBJC_ARC = YES;
				CLANG_ENABLE_OBJC_WEAK = YES;
				CLANG_WARN_BLOCK_CAPTURE_AUTORELEASING = YES;
				CLANG_WARN_BOOL_CONVERSION = YES;
				CLANG_WARN_COMMA = YES;
				CLANG_WARN_CONSTANT_CONVERSION = YES;
				CLANG_WARN_DEPRECATED_OBJC_IMPLEMENTATIONS = YES;
				CLANG_WARN_DIRECT_OBJC_ISA_USAGE = YES_ERROR;
				CLANG_WARN_DOCUMENTATION_COMMENTS = YES;
				CLANG_WARN_EMPTY_BODY = YES;
				CLANG_WARN_ENUM_CONVERSION = YES;
				CLANG_WARN_INFINITE_RECURSION = YES;
				CLANG_WARN_INT_CONVERSION = YES;
				CLANG_WARN_NON_LITERAL_NULL_CONVERSION = YES;
				CLANG_WARN_OBJC_IMPLICIT_RETAIN_SELF = YES;
				CLANG_WARN_OBJC_LITERAL_CONVERSION = YES;
				CLANG_WARN_OBJC_ROOT_CLASS = YES_ERROR;
				CLANG_WARN_RANGE_LOOP_ANALYSIS = YES;
				CLANG_WARN_STRICT_PROTOTYPES = YES;
				CLANG_WARN_SUSPICIOUS_MOVE = YES;
				CLANG_WARN_UNGUARDED_AVAILABILITY = YES_AGGRESSIVE;
				CLANG_WARN_UNREACHABLE_CODE = YES;
				CLANG_WARN__DUPLICATE_METHOD_MATCH = YES;
				CODE_SIGN_IDENTITY = "iPhone Developer";
				COPY_PHASE_STRIP = NO;
				DEBUG_INFORMATION_FORMAT = dwarf;
				ENABLE_STRICT_OBJC_MSGSEND = YES;
				ENABLE_TESTABILITY = YES;
				GCC_C_LANGUAGE_STANDARD = gnu11;
				GCC_DYNAMIC_NO_PIC = NO;
				GCC_NO_COMMON_BLOCKS = YES;
				GCC_OPTIMIZATION_LEVEL = 0;
				GCC_PREPROCESSOR_DEFINITIONS = (
					"DEBUG=1",
					"$(inherited)",
				);
				GCC_WARN_64_TO_32_BIT_CONVERSION = YES;
				GCC_WARN_ABOUT_RETURN_TYPE = YES_ERROR;
				GCC_WARN_UNDECLARED_SELECTOR = YES;
				GCC_WARN_UNINITIALIZED_AUTOS = YES_AGGRESSIVE;
				GCC_WARN_UNUSED_FUNCTION = YES;
				GCC_WARN_UNUSED_VARIABLE = YES;
				IPHONEOS_DEPLOYMENT_TARGET = 12.1;
				MTL_ENABLE_DEBUG_INFO = INCLUDE_SOURCE;
				MTL_FAST_MATH = YES;
				ONLY_ACTIVE_ARCH = YES;
				SDKROOT = iphoneos;
				SWIFT_ACTIVE_COMPILATION_CONDITIONS = DEBUG;
				SWIFT_OPTIMIZATION_LEVEL = "-Onone";
			};
			name = Debug;
		};
		E81189A822210FCB0080EF71 /* Release */ = {
			isa = XCBuildConfiguration;
			buildSettings = {
				ALWAYS_SEARCH_USER_PATHS = NO;
				CLANG_ANALYZER_NONNULL = YES;
				CLANG_ANALYZER_NUMBER_OBJECT_CONVERSION = YES_AGGRESSIVE;
				CLANG_CXX_LANGUAGE_STANDARD = "gnu++14";
				CLANG_CXX_LIBRARY = "libc++";
				CLANG_ENABLE_MODULES = YES;
				CLANG_ENABLE_OBJC_ARC = YES;
				CLANG_ENABLE_OBJC_WEAK = YES;
				CLANG_WARN_BLOCK_CAPTURE_AUTORELEASING = YES;
				CLANG_WARN_BOOL_CONVERSION = YES;
				CLANG_WARN_COMMA = YES;
				CLANG_WARN_CONSTANT_CONVERSION = YES;
				CLANG_WARN_DEPRECATED_OBJC_IMPLEMENTATIONS = YES;
				CLANG_WARN_DIRECT_OBJC_ISA_USAGE = YES_ERROR;
				CLANG_WARN_DOCUMENTATION_COMMENTS = YES;
				CLANG_WARN_EMPTY_BODY = YES;
				CLANG_WARN_ENUM_CONVERSION = YES;
				CLANG_WARN_INFINITE_RECURSION = YES;
				CLANG_WARN_INT_CONVERSION = YES;
				CLANG_WARN_NON_LITERAL_NULL_CONVERSION = YES;
				CLANG_WARN_OBJC_IMPLICIT_RETAIN_SELF = YES;
				CLANG_WARN_OBJC_LITERAL_CONVERSION = YES;
				CLANG_WARN_OBJC_ROOT_CLASS = YES_ERROR;
				CLANG_WARN_RANGE_LOOP_ANALYSIS = YES;
				CLANG_WARN_STRICT_PROTOTYPES = YES;
				CLANG_WARN_SUSPICIOUS_MOVE = YES;
				CLANG_WARN_UNGUARDED_AVAILABILITY = YES_AGGRESSIVE;
				CLANG_WARN_UNREACHABLE_CODE = YES;
				CLANG_WARN__DUPLICATE_METHOD_MATCH = YES;
				CODE_SIGN_IDENTITY = "iPhone Developer";
				COPY_PHASE_STRIP = NO;
				DEBUG_INFORMATION_FORMAT = "dwarf-with-dsym";
				ENABLE_NS_ASSERTIONS = NO;
				ENABLE_STRICT_OBJC_MSGSEND = YES;
				GCC_C_LANGUAGE_STANDARD = gnu11;
				GCC_NO_COMMON_BLOCKS = YES;
				GCC_WARN_64_TO_32_BIT_CONVERSION = YES;
				GCC_WARN_ABOUT_RETURN_TYPE = YES_ERROR;
				GCC_WARN_UNDECLARED_SELECTOR = YES;
				GCC_WARN_UNINITIALIZED_AUTOS = YES_AGGRESSIVE;
				GCC_WARN_UNUSED_FUNCTION = YES;
				GCC_WARN_UNUSED_VARIABLE = YES;
				IPHONEOS_DEPLOYMENT_TARGET = 12.1;
				MTL_ENABLE_DEBUG_INFO = NO;
				MTL_FAST_MATH = YES;
				SDKROOT = iphoneos;
				SWIFT_COMPILATION_MODE = wholemodule;
				SWIFT_OPTIMIZATION_LEVEL = "-O";
				VALIDATE_PRODUCT = YES;
			};
			name = Release;
		};
		E81189AA22210FCB0080EF71 /* Debug */ = {
			isa = XCBuildConfiguration;
			buildSettings = {
				ASSETCATALOG_COMPILER_APPICON_NAME = AppIcon;
				CODE_SIGN_STYLE = Automatic;
				INFOPLIST_FILE = Homepwner/Info.plist;
				LD_RUNPATH_SEARCH_PATHS = (
					"$(inherited)",
					"@executable_path/Frameworks",
				);
				PRODUCT_BUNDLE_IDENTIFIER = Matthew.Homepwner;
				PRODUCT_NAME = "$(TARGET_NAME)";
				SWIFT_VERSION = 4.2;
				TARGETED_DEVICE_FAMILY = "1,2";
			};
			name = Debug;
		};
		E81189AB22210FCB0080EF71 /* Release */ = {
			isa = XCBuildConfiguration;
			buildSettings = {
				ASSETCATALOG_COMPILER_APPICON_NAME = AppIcon;
				CODE_SIGN_STYLE = Automatic;
				INFOPLIST_FILE = Homepwner/Info.plist;
				LD_RUNPATH_SEARCH_PATHS = (
					"$(inherited)",
					"@executable_path/Frameworks",
				);
				PRODUCT_BUNDLE_IDENTIFIER = Matthew.Homepwner;
				PRODUCT_NAME = "$(TARGET_NAME)";
				SWIFT_VERSION = 4.2;
				TARGETED_DEVICE_FAMILY = "1,2";
			};
			name = Release;
		};
		E81189AD22210FCB0080EF71 /* Debug */ = {
			isa = XCBuildConfiguration;
			buildSettings = {
				ALWAYS_EMBED_SWIFT_STANDARD_LIBRARIES = YES;
				BUNDLE_LOADER = "$(TEST_HOST)";
				CODE_SIGN_STYLE = Automatic;
				INFOPLIST_FILE = HomepwnerTests/Info.plist;
				LD_RUNPATH_SEARCH_PATHS = (
					"$(inherited)",
					"@executable_path/Frameworks",
					"@loader_path/Frameworks",
				);
				PRODUCT_BUNDLE_IDENTIFIER = Matthew.HomepwnerTests;
				PRODUCT_NAME = "$(TARGET_NAME)";
				SWIFT_VERSION = 4.2;
				TARGETED_DEVICE_FAMILY = "1,2";
				TEST_HOST = "$(BUILT_PRODUCTS_DIR)/Homepwner.app/Homepwner";
			};
			name = Debug;
		};
		E81189AE22210FCB0080EF71 /* Release */ = {
			isa = XCBuildConfiguration;
			buildSettings = {
				ALWAYS_EMBED_SWIFT_STANDARD_LIBRARIES = YES;
				BUNDLE_LOADER = "$(TEST_HOST)";
				CODE_SIGN_STYLE = Automatic;
				INFOPLIST_FILE = HomepwnerTests/Info.plist;
				LD_RUNPATH_SEARCH_PATHS = (
					"$(inherited)",
					"@executable_path/Frameworks",
					"@loader_path/Frameworks",
				);
				PRODUCT_BUNDLE_IDENTIFIER = Matthew.HomepwnerTests;
				PRODUCT_NAME = "$(TARGET_NAME)";
				SWIFT_VERSION = 4.2;
				TARGETED_DEVICE_FAMILY = "1,2";
				TEST_HOST = "$(BUILT_PRODUCTS_DIR)/Homepwner.app/Homepwner";
			};
			name = Release;
		};
		E81189B022210FCB0080EF71 /* Debug */ = {
			isa = XCBuildConfiguration;
			buildSettings = {
				ALWAYS_EMBED_SWIFT_STANDARD_LIBRARIES = YES;
				CODE_SIGN_STYLE = Automatic;
				INFOPLIST_FILE = HomepwnerUITests/Info.plist;
				LD_RUNPATH_SEARCH_PATHS = (
					"$(inherited)",
					"@executable_path/Frameworks",
					"@loader_path/Frameworks",
				);
				PRODUCT_BUNDLE_IDENTIFIER = Matthew.HomepwnerUITests;
				PRODUCT_NAME = "$(TARGET_NAME)";
				SWIFT_VERSION = 4.2;
				TARGETED_DEVICE_FAMILY = "1,2";
				TEST_TARGET_NAME = Homepwner;
			};
			name = Debug;
		};
		E81189B122210FCB0080EF71 /* Release */ = {
			isa = XCBuildConfiguration;
			buildSettings = {
				ALWAYS_EMBED_SWIFT_STANDARD_LIBRARIES = YES;
				CODE_SIGN_STYLE = Automatic;
				INFOPLIST_FILE = HomepwnerUITests/Info.plist;
				LD_RUNPATH_SEARCH_PATHS = (
					"$(inherited)",
					"@executable_path/Frameworks",
					"@loader_path/Frameworks",
				);
				PRODUCT_BUNDLE_IDENTIFIER = Matthew.HomepwnerUITests;
				PRODUCT_NAME = "$(TARGET_NAME)";
				SWIFT_VERSION = 4.2;
				TARGETED_DEVICE_FAMILY = "1,2";
				TEST_TARGET_NAME = Homepwner;
			};
			name = Release;
		};
/* End XCBuildConfiguration section */

/* Begin XCConfigurationList section */
		E811897C22210FC80080EF71 /* Build configuration list for PBXProject "Homepwner" */ = {
			isa = XCConfigurationList;
			buildConfigurations = (
				E81189A722210FCB0080EF71 /* Debug */,
				E81189A822210FCB0080EF71 /* Release */,
			);
			defaultConfigurationIsVisible = 0;
			defaultConfigurationName = Release;
		};
		E81189A922210FCB0080EF71 /* Build configuration list for PBXNativeTarget "Homepwner" */ = {
			isa = XCConfigurationList;
			buildConfigurations = (
				E81189AA22210FCB0080EF71 /* Debug */,
				E81189AB22210FCB0080EF71 /* Release */,
			);
			defaultConfigurationIsVisible = 0;
			defaultConfigurationName = Release;
		};
		E81189AC22210FCB0080EF71 /* Build configuration list for PBXNativeTarget "HomepwnerTests" */ = {
			isa = XCConfigurationList;
			buildConfigurations = (
				E81189AD22210FCB0080EF71 /* Debug */,
				E81189AE22210FCB0080EF71 /* Release */,
			);
			defaultConfigurationIsVisible = 0;
			defaultConfigurationName = Release;
		};
		E81189AF22210FCB0080EF71 /* Build configuration list for PBXNativeTarget "HomepwnerUITests" */ = {
			isa = XCConfigurationList;
			buildConfigurations = (
				E81189B022210FCB0080EF71 /* Debug */,
				E81189B122210FCB0080EF71 /* Release */,
			);
			defaultConfigurationIsVisible = 0;
			defaultConfigurationName = Release;
		};
/* End XCConfigurationList section */
	};
	rootObject = E811897922210FC80080EF71 /* Project object */;
}
